
Microsoft Visual Studio Solution File, Format Version 12.00
# Visual Studio Version 17
VisualStudioVersion = 17.2.32516.85
MinimumVisualStudioVersion = 10.0.40219.1
Project("{FAE04EC0-301F-11D3-BF4B-00C04F79EFBC}") = "WinUSBSecondtime", "WinUSBSecondtime.csproj", "{DFA25627-31BB-4C65-BE6F-ED7101039197}"
EndProject
Global
	GlobalSection(SolutionConfigurationPlatforms) = preSolution
		Debug|Any CPU = Debug|Any CPU
		Release|Any CPU = Release|Any CPU
	EndGlobalSection
	GlobalSection(ProjectConfigurationPlatforms) = postSolution
		{DFA25627-31BB-4C65-BE6F-ED7101039197}.Debug|Any CPU.ActiveCfg = Debug|Any CPU
		{DFA25627-31BB-4C65-BE6F-ED7101039197}.Debug|Any CPU.Build.0 = Debug|Any CPU
		{DFA25627-31BB-4C65-BE6F-ED7101039197}.Release|Any CPU.ActiveCfg = Release|Any CPU
		{DFA25627-31BB-4C65-BE6F-ED7101039197}.Release|Any CPU.Build.0 = Release|Any CPU
	EndGlobalSection
	GlobalSection(SolutionProperties) = preSolution
		HideSolutionNode = FALSE
	EndGlobalSection
	GlobalSection(ExtensibilityGlobals) = postSolution
		SolutionGuid = {0E1AA982-6AFA-4419-A029-0AE725D7C27E}
	EndGlobalSection
EndGlobal
